// !$*UTF8*$!
{
	archiveVersion = 1;
	classes = {
	};
	objectVersion = 56;
	objects = {

/* Begin PBXBuildFile section */
		3006689C2C11B03200CC8696 /* main.cpp in Sources */ = {isa = PBXBuildFile; fileRef = 3006689B2C11B03200CC8696 /* main.cpp */; };
		30A7009E2C0F17F800D75974 /* main.cpp in Sources */ = {isa = PBXBuildFile; fileRef = 30A7009D2C0F17F800D75974 /* main.cpp */; };
		30A700AB2C1030EA00D75974 /* main.cpp in Sources */ = {isa = PBXBuildFile; fileRef = 30A700AA2C1030EA00D75974 /* main.cpp */; };
/* End PBXBuildFile section */

/* Begin PBXCopyFilesBuildPhase section */
		300668972C11B03200CC8696 /* CopyFiles */ = {
			isa = PBXCopyFilesBuildPhase;
			buildActionMask = 2147483647;
			dstPath = /usr/share/man/man1/;
			dstSubfolderSpec = 0;
			files = (
			);
			runOnlyForDeploymentPostprocessing = 1;
		};
		30A700982C0F17F800D75974 /* CopyFiles */ = {
			isa = PBXCopyFilesBuildPhase;
			buildActionMask = 2147483647;
			dstPath = /usr/share/man/man1/;
			dstSubfolderSpec = 0;
			files = (
			);
			runOnlyForDeploymentPostprocessing = 1;
		};
		30A700A62C1030EA00D75974 /* CopyFiles */ = {
			isa = PBXCopyFilesBuildPhase;
			buildActionMask = 2147483647;
			dstPath = /usr/share/man/man1/;
			dstSubfolderSpec = 0;
			files = (
			);
			runOnlyForDeploymentPostprocessing = 1;
		};
/* End PBXCopyFilesBuildPhase section */

/* Begin PBXFileReference section */
		300668992C11B03200CC8696 /* Knight_fill_board */ = {isa = PBXFileReference; explicitFileType = "compiled.mach-o.executable"; includeInIndex = 0; path = Knight_fill_board; sourceTree = BUILT_PRODUCTS_DIR; };
		3006689B2C11B03200CC8696 /* main.cpp */ = {isa = PBXFileReference; lastKnownFileType = sourcecode.cpp.cpp; path = main.cpp; sourceTree = "<group>"; };
		30A7009A2C0F17F800D75974 /* BackTracking */ = {isa = PBXFileReference; explicitFileType = "compiled.mach-o.executable"; includeInIndex = 0; path = BackTracking; sourceTree = BUILT_PRODUCTS_DIR; };
		30A7009D2C0F17F800D75974 /* main.cpp */ = {isa = PBXFileReference; lastKnownFileType = sourcecode.cpp.cpp; path = main.cpp; sourceTree = "<group>"; };
		30A700A82C1030EA00D75974 /* rate_in_a_maze */ = {isa = PBXFileReference; explicitFileType = "compiled.mach-o.executable"; includeInIndex = 0; path = rate_in_a_maze; sourceTree = BUILT_PRODUCTS_DIR; };
		30A700AA2C1030EA00D75974 /* main.cpp */ = {isa = PBXFileReference; lastKnownFileType = sourcecode.cpp.cpp; path = main.cpp; sourceTree = "<group>"; };
/* End PBXFileReference section */

/* Begin PBXFrameworksBuildPhase section */
		300668962C11B03200CC8696 /* Frameworks */ = {
			isa = PBXFrameworksBuildPhase;
			buildActionMask = 2147483647;
			files = (
			);
			runOnlyForDeploymentPostprocessing = 0;
		};
		30A700972C0F17F800D75974 /* Frameworks */ = {
			isa = PBXFrameworksBuildPhase;
			buildActionMask = 2147483647;
			files = (
			);
			runOnlyForDeploymentPostprocessing = 0;
		};
		30A700A52C1030EA00D75974 /* Frameworks */ = {
			isa = PBXFrameworksBuildPhase;
			buildActionMask = 2147483647;
			files = (
			);
			runOnlyForDeploymentPostprocessing = 0;
		};
/* End PBXFrameworksBuildPhase section */

/* Begin PBXGroup section */
		3006689A2C11B03200CC8696 /* Knight_fill_board */ = {
			isa = PBXGroup;
			children = (
				3006689B2C11B03200CC8696 /* main.cpp */,
			);
			path = Knight_fill_board;
			sourceTree = "<group>";
		};
		30A700912C0F17F800D75974 = {
			isa = PBXGroup;
			children = (
				30A7009C2C0F17F800D75974 /* Nqueen_problem */,
				30A700A92C1030EA00D75974 /* rate_in_a_maze */,
				3006689A2C11B03200CC8696 /* Knight_fill_board */,
				30A7009B2C0F17F800D75974 /* Products */,
			);
			sourceTree = "<group>";
		};
		30A7009B2C0F17F800D75974 /* Products */ = {
			isa = PBXGroup;
			children = (
				30A7009A2C0F17F800D75974 /* BackTracking */,
				30A700A82C1030EA00D75974 /* rate_in_a_maze */,
				300668992C11B03200CC8696 /* Knight_fill_board */,
			);
			name = Products;
			sourceTree = "<group>";
		};
		30A7009C2C0F17F800D75974 /* Nqueen_problem */ = {
			isa = PBXGroup;
			children = (
				30A7009D2C0F17F800D75974 /* main.cpp */,
			);
			path = Nqueen_problem;
			sourceTree = "<group>";
		};
		30A700A92C1030EA00D75974 /* rate_in_a_maze */ = {
			isa = PBXGroup;
			children = (
				30A700AA2C1030EA00D75974 /* main.cpp */,
			);
			path = rate_in_a_maze;
			sourceTree = "<group>";
		};
/* End PBXGroup section */

/* Begin PBXNativeTarget section */
		300668982C11B03200CC8696 /* Knight_fill_board */ = {
			isa = PBXNativeTarget;
			buildConfigurationList = 3006689F2C11B03200CC8696 /* Build configuration list for PBXNativeTarget "Knight_fill_board" */;
			buildPhases = (
				300668952C11B03200CC8696 /* Sources */,
				300668962C11B03200CC8696 /* Frameworks */,
				300668972C11B03200CC8696 /* CopyFiles */,
			);
			buildRules = (
			);
			dependencies = (
			);
			name = Knight_fill_board;
			productName = Knight_fill_board;
			productReference = 300668992C11B03200CC8696 /* Knight_fill_board */;
			productType = "com.apple.product-type.tool";
		};
		30A700992C0F17F800D75974 /* BackTracking */ = {
			isa = PBXNativeTarget;
			buildConfigurationList = 30A700A12C0F17F800D75974 /* Build configuration list for PBXNativeTarget "BackTracking" */;
			buildPhases = (
				30A700962C0F17F800D75974 /* Sources */,
				30A700972C0F17F800D75974 /* Frameworks */,
				30A700982C0F17F800D75974 /* CopyFiles */,
			);
			buildRules = (
			);
			dependencies = (
			);
			name = BackTracking;
			productName = BackTracking;
			productReference = 30A7009A2C0F17F800D75974 /* BackTracking */;
			productType = "com.apple.product-type.tool";
		};
		30A700A72C1030EA00D75974 /* rate_in_a_maze */ = {
			isa = PBXNativeTarget;
			buildConfigurationList = 30A700AC2C1030EA00D75974 /* Build configuration list for PBXNativeTarget "rate_in_a_maze" */;
			buildPhases = (
				30A700A42C1030EA00D75974 /* Sources */,
				30A700A52C1030EA00D75974 /* Frameworks */,
				30A700A62C1030EA00D75974 /* CopyFiles */,
			);
			buildRules = (
			);
			dependencies = (
			);
			name = rate_in_a_maze;
			productName = rate_in_a_maze;
			productReference = 30A700A82C1030EA00D75974 /* rate_in_a_maze */;
			productType = "com.apple.product-type.tool";
		};
/* End PBXNativeTarget section */

/* Begin PBXProject section */
		30A700922C0F17F800D75974 /* Project object */ = {
			isa = PBXProject;
			attributes = {
				BuildIndependentTargetsInParallel = 1;
				LastUpgradeCheck = 1540;
				TargetAttributes = {
					300668982C11B03200CC8696 = {
						CreatedOnToolsVersion = 15.4;
					};
					30A700992C0F17F800D75974 = {
						CreatedOnToolsVersion = 15.4;
					};
					30A700A72C1030EA00D75974 = {
						CreatedOnToolsVersion = 15.4;
					};
				};
			};
			buildConfigurationList = 30A700952C0F17F800D75974 /* Build configuration list for PBXProject "BackTracking" */;
			compatibilityVersion = "Xcode 14.0";
			developmentRegion = en;
			hasScannedForEncodings = 0;
			knownRegions = (
				en,
				Base,
			);
			mainGroup = 30A700912C0F17F800D75974;
			productRefGroup = 30A7009B2C0F17F800D75974 /* Products */;
			projectDirPath = "";
			projectRoot = "";
			targets = (
				30A700992C0F17F800D75974 /* BackTracking */,
				30A700A72C1030EA00D75974 /* rate_in_a_maze */,
				300668982C11B03200CC8696 /* Knight_fill_board */,
			);
		};
/* End PBXProject section */

/* Begin PBXSourcesBuildPhase section */
		300668952C11B03200CC8696 /* Sources */ = {
			isa = PBXSourcesBuildPhase;
			buildActionMask = 2147483647;
			files = (
				3006689C2C11B03200CC8696 /* main.cpp in Sources */,
			);
			runOnlyForDeploymentPostprocessing = 0;
		};
		30A700962C0F17F800D75974 /* Sources */ = {
			isa = PBXSourcesBuildPhase;
			buildActionMask = 2147483647;
			files = (
				30A7009E2C0F17F800D75974 /* main.cpp in Sources */,
			);
			runOnlyForDeploymentPostprocessing = 0;
		};
		30A700A42C1030EA00D75974 /* Sources */ = {
			isa = PBXSourcesBuildPhase;
			buildActionMask = 2147483647;
			files = (
				30A700AB2C1030EA00D75974 /* main.cpp in Sources */,
			);
			runOnlyForDeploymentPostprocessing = 0;
		};
/* End PBXSourcesBuildPhase section */

/* Begin XCBuildConfiguration section */
		3006689D2C11B03200CC8696 /* Debug */ = {
			isa = XCBuildConfiguration;
			buildSettings = {
				CODE_SIGN_STYLE = Automatic;
				PRODUCT_NAME = "$(TARGET_NAME)";
			};
			name = Debug;
		};
		3006689E2C11B03200CC8696 /* Release */ = {
			isa = XCBuildConfiguration;
			buildSettings = {
				CODE_SIGN_STYLE = Automatic;
				PRODUCT_NAME = "$(TARGET_NAME)";
			};
			name = Release;
		};
		30A7009F2C0F17F800D75974 /* Debug */ = {
			isa = XCBuildConfiguration;
			buildSettings = {
				ALWAYS_SEARCH_USER_PATHS = NO;
				ASSETCATALOG_COMPILER_GENERATE_SWIFT_ASSET_SYMBOL_EXTENSIONS = YES;
				CLANG_ANALYZER_NONNULL = YES;
				CLANG_ANALYZER_NUMBER_OBJECT_CONVERSION = YES_AGGRESSIVE;
				CLANG_CXX_LANGUAGE_STANDARD = "gnu++20";
				CLANG_ENABLE_MODULES = YES;
				CLANG_ENABLE_OBJC_ARC = YES;
				CLANG_ENABLE_OBJC_WEAK = YES;
				CLANG_WARN_BLOCK_CAPTURE_AUTORELEASING = YES;
				CLANG_WARN_BOOL_CONVERSION = YES;
				CLANG_WARN_COMMA = YES;
				CLANG_WARN_CONSTANT_CONVERSION = YES;
				CLANG_WARN_DEPRECATED_OBJC_IMPLEMENTATIONS = YES;
				CLANG_WARN_DIRECT_OBJC_ISA_USAGE = YES_ERROR;
				CLANG_WARN_DOCUMENTATION_COMMENTS = YES;
				CLANG_WARN_EMPTY_BODY = YES;
				CLANG_WARN_ENUM_CONVERSION = YES;
				CLANG_WARN_INFINITE_RECURSION = YES;
				CLANG_WARN_INT_CONVERSION = YES;
				CLANG_WARN_NON_LITERAL_NULL_CONVERSION = YES;
				CLANG_WARN_OBJC_IMPLICIT_RETAIN_SELF = YES;
				CLANG_WARN_OBJC_LITERAL_CONVERSION = YES;
				CLANG_WARN_OBJC_ROOT_CLASS = YES_ERROR;
				CLANG_WARN_QUOTED_INCLUDE_IN_FRAMEWORK_HEADER = YES;
				CLANG_WARN_RANGE_LOOP_ANALYSIS = YES;
				CLANG_WARN_STRICT_PROTOTYPES = YES;
				CLANG_WARN_SUSPICIOUS_MOVE = YES;
				CLANG_WARN_UNGUARDED_AVAILABILITY = YES_AGGRESSIVE;
				CLANG_WARN_UNREACHABLE_CODE = YES;
				CLANG_WARN__DUPLICATE_METHOD_MATCH = YES;
				COPY_PHASE_STRIP = NO;
				DEBUG_INFORMATION_FORMAT = dwarf;
				ENABLE_STRICT_OBJC_MSGSEND = YES;
				ENABLE_TESTABILITY = YES;
				ENABLE_USER_SCRIPT_SANDBOXING = YES;
				GCC_C_LANGUAGE_STANDARD = gnu17;
				GCC_DYNAMIC_NO_PIC = NO;
				GCC_NO_COMMON_BLOCKS = YES;
				GCC_OPTIMIZATION_LEVEL = 0;
				GCC_PREPROCESSOR_DEFINITIONS = (
					"DEBUG=1",
					"$(inherited)",
				);
				GCC_WARN_64_TO_32_BIT_CONVERSION = YES;
				GCC_WARN_ABOUT_RETURN_TYPE = YES_ERROR;
				GCC_WARN_UNDECLARED_SELECTOR = YES;
				GCC_WARN_UNINITIALIZED_AUTOS = YES_AGGRESSIVE;
				GCC_WARN_UNUSED_FUNCTION = YES;
				GCC_WARN_UNUSED_VARIABLE = YES;
				LOCALIZATION_PREFERS_STRING_CATALOGS = YES;
				MACOSX_DEPLOYMENT_TARGET = 14.4;
				MTL_ENABLE_DEBUG_INFO = INCLUDE_SOURCE;
				MTL_FAST_MATH = YES;
				ONLY_ACTIVE_ARCH = YES;
				SDKROOT = macosx;
			};
			name = Debug;
		};
		30A700A02C0F17F800D75974 /* Release */ = {
			isa = XCBuildConfiguration;
			buildSettings = {
				ALWAYS_SEARCH_USER_PATHS = NO;
				ASSETCATALOG_COMPILER_GENERATE_SWIFT_ASSET_SYMBOL_EXTENSIONS = YES;
				CLANG_ANALYZER_NONNULL = YES;
				CLANG_ANALYZER_NUMBER_OBJECT_CONVERSION = YES_AGGRESSIVE;
				CLANG_CXX_LANGUAGE_STANDARD = "gnu++20";
				CLANG_ENABLE_MODULES = YES;
				CLANG_ENABLE_OBJC_ARC = YES;
				CLANG_ENABLE_OBJC_WEAK = YES;
				CLANG_WARN_BLOCK_CAPTURE_AUTORELEASING = YES;
				CLANG_WARN_BOOL_CONVERSION = YES;
				CLANG_WARN_COMMA = YES;
				CLANG_WARN_CONSTANT_CONVERSION = YES;
				CLANG_WARN_DEPRECATED_OBJC_IMPLEMENTATIONS = YES;
				CLANG_WARN_DIRECT_OBJC_ISA_USAGE = YES_ERROR;
				CLANG_WARN_DOCUMENTATION_COMMENTS = YES;
				CLANG_WARN_EMPTY_BODY = YES;
				CLANG_WARN_ENUM_CONVERSION = YES;
				CLANG_WARN_INFINITE_RECURSION = YES;
				CLANG_WARN_INT_CONVERSION = YES;
				CLANG_WARN_NON_LITERAL_NULL_CONVERSION = YES;
				CLANG_WARN_OBJC_IMPLICIT_RETAIN_SELF = YES;
				CLANG_WARN_OBJC_LITERAL_CONVERSION = YES;
				CLANG_WARN_OBJC_ROOT_CLASS = YES_ERROR;
				CLANG_WARN_QUOTED_INCLUDE_IN_FRAMEWORK_HEADER = YES;
				CLANG_WARN_RANGE_LOOP_ANALYSIS = YES;
				CLANG_WARN_STRICT_PROTOTYPES = YES;
				CLANG_WARN_SUSPICIOUS_MOVE = YES;
				CLANG_WARN_UNGUARDED_AVAILABILITY = YES_AGGRESSIVE;
				CLANG_WARN_UNREACHABLE_CODE = YES;
				CLANG_WARN__DUPLICATE_METHOD_MATCH = YES;
				COPY_PHASE_STRIP = NO;
				DEBUG_INFORMATION_FORMAT = "dwarf-with-dsym";
				ENABLE_NS_ASSERTIONS = NO;
				ENABLE_STRICT_OBJC_MSGSEND = YES;
				ENABLE_USER_SCRIPT_SANDBOXING = YES;
				GCC_C_LANGUAGE_STANDARD = gnu17;
				GCC_NO_COMMON_BLOCKS = YES;
				GCC_WARN_64_TO_32_BIT_CONVERSION = YES;
				GCC_WARN_ABOUT_RETURN_TYPE = YES_ERROR;
				GCC_WARN_UNDECLARED_SELECTOR = YES;
				GCC_WARN_UNINITIALIZED_AUTOS = YES_AGGRESSIVE;
				GCC_WARN_UNUSED_FUNCTION = YES;
				GCC_WARN_UNUSED_VARIABLE = YES;
				LOCALIZATION_PREFERS_STRING_CATALOGS = YES;
				MACOSX_DEPLOYMENT_TARGET = 14.4;
				MTL_ENABLE_DEBUG_INFO = NO;
				MTL_FAST_MATH = YES;
				SDKROOT = macosx;
			};
			name = Release;
		};
		30A700A22C0F17F800D75974 /* Debug */ = {
			isa = XCBuildConfiguration;
			buildSettings = {
				CODE_SIGN_STYLE = Automatic;
				PRODUCT_NAME = "$(TARGET_NAME)";
			};
			name = Debug;
		};
		30A700A32C0F17F800D75974 /* Release */ = {
			isa = XCBuildConfiguration;
			buildSettings = {
				CODE_SIGN_STYLE = Automatic;
				PRODUCT_NAME = "$(TARGET_NAME)";
			};
			name = Release;
		};
		30A700AD2C1030EA00D75974 /* Debug */ = {
			isa = XCBuildConfiguration;
			buildSettings = {
				CODE_SIGN_STYLE = Automatic;
				PRODUCT_NAME = "$(TARGET_NAME)";
			};
			name = Debug;
		};
		30A700AE2C1030EA00D75974 /* Release */ = {
			isa = XCBuildConfiguration;
			buildSettings = {
				CODE_SIGN_STYLE = Automatic;
				PRODUCT_NAME = "$(TARGET_NAME)";
			};
			name = Release;
		};
/* End XCBuildConfiguration section */

/* Begin XCConfigurationList section */
		3006689F2C11B03200CC8696 /* Build configuration list for PBXNativeTarget "Knight_fill_board" */ = {
			isa = XCConfigurationList;
			buildConfigurations = (
				3006689D2C11B03200CC8696 /* Debug */,
				3006689E2C11B03200CC8696 /* Release */,
			);
			defaultConfigurationIsVisible = 0;
			defaultConfigurationName = Release;
		};
		30A700952C0F17F800D75974 /* Build configuration list for PBXProject "BackTracking" */ = {
			isa = XCConfigurationList;
			buildConfigurations = (
				30A7009F2C0F17F800D75974 /* Debug */,
				30A700A02C0F17F800D75974 /* Release */,
			);
			defaultConfigurationIsVisible = 0;
			defaultConfigurationName = Release;
		};
		30A700A12C0F17F800D75974 /* Build configuration list for PBXNativeTarget "BackTracking" */ = {
			isa = XCConfigurationList;
			buildConfigurations = (
				30A700A22C0F17F800D75974 /* Debug */,
				30A700A32C0F17F800D75974 /* Release */,
			);
			defaultConfigurationIsVisible = 0;
			defaultConfigurationName = Release;
		};
		30A700AC2C1030EA00D75974 /* Build configuration list for PBXNativeTarget "rate_in_a_maze" */ = {
			isa = XCConfigurationList;
			buildConfigurations = (
				30A700AD2C1030EA00D75974 /* Debug */,
				30A700AE2C1030EA00D75974 /* Release */,
			);
			defaultConfigurationIsVisible = 0;
			defaultConfigurationName = Release;
		};
/* End XCConfigurationList section */
	};
	rootObject = 30A700922C0F17F800D75974 /* Project object */;
}
