// !$*UTF8*$!
{
	archiveVersion = 1;
	classes = {
	};
	objectVersion = 56;
	objects = {

/* Begin PBXBuildFile section */
		30254A332B98276F00D6FDA5 /* main.cpp in Sources */ = {isa = PBXBuildFile; fileRef = 30254A322B98276F00D6FDA5 /* main.cpp */; };
		3068514A2B9AF34100A4BF67 /* main.cpp in Sources */ = {isa = PBXBuildFile; fileRef = 306851492B9AF34100A4BF67 /* main.cpp */; };
		3083117C2BA1BDAB00ADE3E8 /* main.cpp in Sources */ = {isa = PBXBuildFile; fileRef = 3083117B2BA1BDAB00ADE3E8 /* main.cpp */; };
		30D955F62B9B40BD00AAD2D0 /* main.cpp in Sources */ = {isa = PBXBuildFile; fileRef = 30D955F52B9B40BD00AAD2D0 /* main.cpp */; };
/* End PBXBuildFile section */

/* Begin PBXCopyFilesBuildPhase section */
		30254A2D2B98276F00D6FDA5 /* CopyFiles */ = {
			isa = PBXCopyFilesBuildPhase;
			buildActionMask = 2147483647;
			dstPath = /usr/share/man/man1/;
			dstSubfolderSpec = 0;
			files = (
			);
			runOnlyForDeploymentPostprocessing = 1;
		};
		306851452B9AF34100A4BF67 /* CopyFiles */ = {
			isa = PBXCopyFilesBuildPhase;
			buildActionMask = 2147483647;
			dstPath = /usr/share/man/man1/;
			dstSubfolderSpec = 0;
			files = (
			);
			runOnlyForDeploymentPostprocessing = 1;
		};
		308311772BA1BDAB00ADE3E8 /* CopyFiles */ = {
			isa = PBXCopyFilesBuildPhase;
			buildActionMask = 2147483647;
			dstPath = /usr/share/man/man1/;
			dstSubfolderSpec = 0;
			files = (
			);
			runOnlyForDeploymentPostprocessing = 1;
		};
		30D955F12B9B40BD00AAD2D0 /* CopyFiles */ = {
			isa = PBXCopyFilesBuildPhase;
			buildActionMask = 2147483647;
			dstPath = /usr/share/man/man1/;
			dstSubfolderSpec = 0;
			files = (
			);
			runOnlyForDeploymentPostprocessing = 1;
		};
/* End PBXCopyFilesBuildPhase section */

/* Begin PBXFileReference section */
		30254A2F2B98276F00D6FDA5 /* BInary_tree_impl */ = {isa = PBXFileReference; explicitFileType = "compiled.mach-o.executable"; includeInIndex = 0; path = BInary_tree_impl; sourceTree = BUILT_PRODUCTS_DIR; };
		30254A322B98276F00D6FDA5 /* main.cpp */ = {isa = PBXFileReference; lastKnownFileType = sourcecode.cpp.cpp; path = main.cpp; sourceTree = "<group>"; };
		306851472B9AF34100A4BF67 /* constructBT_BFS */ = {isa = PBXFileReference; explicitFileType = "compiled.mach-o.executable"; includeInIndex = 0; path = constructBT_BFS; sourceTree = BUILT_PRODUCTS_DIR; };
		306851492B9AF34100A4BF67 /* main.cpp */ = {isa = PBXFileReference; lastKnownFileType = sourcecode.cpp.cpp; path = main.cpp; sourceTree = "<group>"; };
		308311792BA1BDAB00ADE3E8 /* TopView */ = {isa = PBXFileReference; explicitFileType = "compiled.mach-o.executable"; includeInIndex = 0; path = TopView; sourceTree = BUILT_PRODUCTS_DIR; };
		3083117B2BA1BDAB00ADE3E8 /* main.cpp */ = {isa = PBXFileReference; lastKnownFileType = sourcecode.cpp.cpp; path = main.cpp; sourceTree = "<group>"; };
		30D955F32B9B40BD00AAD2D0 /* boundary_travsl */ = {isa = PBXFileReference; explicitFileType = "compiled.mach-o.executable"; includeInIndex = 0; path = boundary_travsl; sourceTree = BUILT_PRODUCTS_DIR; };
		30D955F52B9B40BD00AAD2D0 /* main.cpp */ = {isa = PBXFileReference; lastKnownFileType = sourcecode.cpp.cpp; path = main.cpp; sourceTree = "<group>"; };
/* End PBXFileReference section */

/* Begin PBXFrameworksBuildPhase section */
		30254A2C2B98276F00D6FDA5 /* Frameworks */ = {
			isa = PBXFrameworksBuildPhase;
			buildActionMask = 2147483647;
			files = (
			);
			runOnlyForDeploymentPostprocessing = 0;
		};
		306851442B9AF34100A4BF67 /* Frameworks */ = {
			isa = PBXFrameworksBuildPhase;
			buildActionMask = 2147483647;
			files = (
			);
			runOnlyForDeploymentPostprocessing = 0;
		};
		308311762BA1BDAB00ADE3E8 /* Frameworks */ = {
			isa = PBXFrameworksBuildPhase;
			buildActionMask = 2147483647;
			files = (
			);
			runOnlyForDeploymentPostprocessing = 0;
		};
		30D955F02B9B40BD00AAD2D0 /* Frameworks */ = {
			isa = PBXFrameworksBuildPhase;
			buildActionMask = 2147483647;
			files = (
			);
			runOnlyForDeploymentPostprocessing = 0;
		};
/* End PBXFrameworksBuildPhase section */

/* Begin PBXGroup section */
		30254A262B98276F00D6FDA5 = {
			isa = PBXGroup;
			children = (
				30254A312B98276F00D6FDA5 /* BInary_tree_impl */,
				306851482B9AF34100A4BF67 /* constructBT_BFS */,
				30D955F42B9B40BD00AAD2D0 /* boundary_travsl */,
				3083117A2BA1BDAB00ADE3E8 /* TopView */,
				30254A302B98276F00D6FDA5 /* Products */,
			);
			sourceTree = "<group>";
		};
		30254A302B98276F00D6FDA5 /* Products */ = {
			isa = PBXGroup;
			children = (
				30254A2F2B98276F00D6FDA5 /* BInary_tree_impl */,
				306851472B9AF34100A4BF67 /* constructBT_BFS */,
				30D955F32B9B40BD00AAD2D0 /* boundary_travsl */,
				308311792BA1BDAB00ADE3E8 /* TopView */,
			);
			name = Products;
			sourceTree = "<group>";
		};
		30254A312B98276F00D6FDA5 /* BInary_tree_impl */ = {
			isa = PBXGroup;
			children = (
				30254A322B98276F00D6FDA5 /* main.cpp */,
			);
			path = BInary_tree_impl;
			sourceTree = "<group>";
		};
		306851482B9AF34100A4BF67 /* constructBT_BFS */ = {
			isa = PBXGroup;
			children = (
				306851492B9AF34100A4BF67 /* main.cpp */,
			);
			path = constructBT_BFS;
			sourceTree = "<group>";
		};
		3083117A2BA1BDAB00ADE3E8 /* TopView */ = {
			isa = PBXGroup;
			children = (
				3083117B2BA1BDAB00ADE3E8 /* main.cpp */,
			);
			path = TopView;
			sourceTree = "<group>";
		};
		30D955F42B9B40BD00AAD2D0 /* boundary_travsl */ = {
			isa = PBXGroup;
			children = (
				30D955F52B9B40BD00AAD2D0 /* main.cpp */,
			);
			path = boundary_travsl;
			sourceTree = "<group>";
		};
/* End PBXGroup section */

/* Begin PBXNativeTarget section */
		30254A2E2B98276F00D6FDA5 /* BInary_tree_impl */ = {
			isa = PBXNativeTarget;
			buildConfigurationList = 30254A362B98276F00D6FDA5 /* Build configuration list for PBXNativeTarget "BInary_tree_impl" */;
			buildPhases = (
				30254A2B2B98276F00D6FDA5 /* Sources */,
				30254A2C2B98276F00D6FDA5 /* Frameworks */,
				30254A2D2B98276F00D6FDA5 /* CopyFiles */,
			);
			buildRules = (
			);
			dependencies = (
			);
			name = BInary_tree_impl;
			productName = BInary_tree_impl;
			productReference = 30254A2F2B98276F00D6FDA5 /* BInary_tree_impl */;
			productType = "com.apple.product-type.tool";
		};
		306851462B9AF34100A4BF67 /* constructBT_BFS */ = {
			isa = PBXNativeTarget;
			buildConfigurationList = 3068514D2B9AF34100A4BF67 /* Build configuration list for PBXNativeTarget "constructBT_BFS" */;
			buildPhases = (
				306851432B9AF34100A4BF67 /* Sources */,
				306851442B9AF34100A4BF67 /* Frameworks */,
				306851452B9AF34100A4BF67 /* CopyFiles */,
			);
			buildRules = (
			);
			dependencies = (
			);
			name = constructBT_BFS;
			productName = constructBT_BFS;
			productReference = 306851472B9AF34100A4BF67 /* constructBT_BFS */;
			productType = "com.apple.product-type.tool";
		};
		308311782BA1BDAB00ADE3E8 /* TopView */ = {
			isa = PBXNativeTarget;
			buildConfigurationList = 3083117F2BA1BDAB00ADE3E8 /* Build configuration list for PBXNativeTarget "TopView" */;
			buildPhases = (
				308311752BA1BDAB00ADE3E8 /* Sources */,
				308311762BA1BDAB00ADE3E8 /* Frameworks */,
				308311772BA1BDAB00ADE3E8 /* CopyFiles */,
			);
			buildRules = (
			);
			dependencies = (
			);
			name = TopView;
			productName = TopView;
			productReference = 308311792BA1BDAB00ADE3E8 /* TopView */;
			productType = "com.apple.product-type.tool";
		};
		30D955F22B9B40BD00AAD2D0 /* boundary_travsl */ = {
			isa = PBXNativeTarget;
			buildConfigurationList = 30D955F92B9B40BD00AAD2D0 /* Build configuration list for PBXNativeTarget "boundary_travsl" */;
			buildPhases = (
				30D955EF2B9B40BD00AAD2D0 /* Sources */,
				30D955F02B9B40BD00AAD2D0 /* Frameworks */,
				30D955F12B9B40BD00AAD2D0 /* CopyFiles */,
			);
			buildRules = (
			);
			dependencies = (
			);
			name = boundary_travsl;
			productName = boundary_travsl;
			productReference = 30D955F32B9B40BD00AAD2D0 /* boundary_travsl */;
			productType = "com.apple.product-type.tool";
		};
/* End PBXNativeTarget section */

/* Begin PBXProject section */
		30254A272B98276F00D6FDA5 /* Project object */ = {
			isa = PBXProject;
			attributes = {
				BuildIndependentTargetsInParallel = 1;
				LastUpgradeCheck = 1520;
				TargetAttributes = {
					30254A2E2B98276F00D6FDA5 = {
						CreatedOnToolsVersion = 15.2;
					};
					306851462B9AF34100A4BF67 = {
						CreatedOnToolsVersion = 15.2;
					};
					308311782BA1BDAB00ADE3E8 = {
						CreatedOnToolsVersion = 15.3;
					};
					30D955F22B9B40BD00AAD2D0 = {
						CreatedOnToolsVersion = 15.2;
					};
				};
			};
			buildConfigurationList = 30254A2A2B98276F00D6FDA5 /* Build configuration list for PBXProject "BInary_tree_impl" */;
			compatibilityVersion = "Xcode 14.0";
			developmentRegion = en;
			hasScannedForEncodings = 0;
			knownRegions = (
				en,
				Base,
			);
			mainGroup = 30254A262B98276F00D6FDA5;
			productRefGroup = 30254A302B98276F00D6FDA5 /* Products */;
			projectDirPath = "";
			projectRoot = "";
			targets = (
				30254A2E2B98276F00D6FDA5 /* BInary_tree_impl */,
				306851462B9AF34100A4BF67 /* constructBT_BFS */,
				30D955F22B9B40BD00AAD2D0 /* boundary_travsl */,
				308311782BA1BDAB00ADE3E8 /* TopView */,
			);
		};
/* End PBXProject section */

/* Begin PBXSourcesBuildPhase section */
		30254A2B2B98276F00D6FDA5 /* Sources */ = {
			isa = PBXSourcesBuildPhase;
			buildActionMask = 2147483647;
			files = (
				30254A332B98276F00D6FDA5 /* main.cpp in Sources */,
			);
			runOnlyForDeploymentPostprocessing = 0;
		};
		306851432B9AF34100A4BF67 /* Sources */ = {
			isa = PBXSourcesBuildPhase;
			buildActionMask = 2147483647;
			files = (
				3068514A2B9AF34100A4BF67 /* main.cpp in Sources */,
			);
			runOnlyForDeploymentPostprocessing = 0;
		};
		308311752BA1BDAB00ADE3E8 /* Sources */ = {
			isa = PBXSourcesBuildPhase;
			buildActionMask = 2147483647;
			files = (
				3083117C2BA1BDAB00ADE3E8 /* main.cpp in Sources */,
			);
			runOnlyForDeploymentPostprocessing = 0;
		};
		30D955EF2B9B40BD00AAD2D0 /* Sources */ = {
			isa = PBXSourcesBuildPhase;
			buildActionMask = 2147483647;
			files = (
				30D955F62B9B40BD00AAD2D0 /* main.cpp in Sources */,
			);
			runOnlyForDeploymentPostprocessing = 0;
		};
/* End PBXSourcesBuildPhase section */

/* Begin XCBuildConfiguration section */
		30254A342B98276F00D6FDA5 /* Debug */ = {
			isa = XCBuildConfiguration;
			buildSettings = {
				ALWAYS_SEARCH_USER_PATHS = NO;
				ASSETCATALOG_COMPILER_GENERATE_SWIFT_ASSET_SYMBOL_EXTENSIONS = YES;
				CLANG_ANALYZER_NONNULL = YES;
				CLANG_ANALYZER_NUMBER_OBJECT_CONVERSION = YES_AGGRESSIVE;
				CLANG_CXX_LANGUAGE_STANDARD = "gnu++20";
				CLANG_ENABLE_MODULES = YES;
				CLANG_ENABLE_OBJC_ARC = YES;
				CLANG_ENABLE_OBJC_WEAK = YES;
				CLANG_WARN_BLOCK_CAPTURE_AUTORELEASING = YES;
				CLANG_WARN_BOOL_CONVERSION = YES;
				CLANG_WARN_COMMA = YES;
				CLANG_WARN_CONSTANT_CONVERSION = YES;
				CLANG_WARN_DEPRECATED_OBJC_IMPLEMENTATIONS = YES;
				CLANG_WARN_DIRECT_OBJC_ISA_USAGE = YES_ERROR;
				CLANG_WARN_DOCUMENTATION_COMMENTS = YES;
				CLANG_WARN_EMPTY_BODY = YES;
				CLANG_WARN_ENUM_CONVERSION = YES;
				CLANG_WARN_INFINITE_RECURSION = YES;
				CLANG_WARN_INT_CONVERSION = YES;
				CLANG_WARN_NON_LITERAL_NULL_CONVERSION = YES;
				CLANG_WARN_OBJC_IMPLICIT_RETAIN_SELF = YES;
				CLANG_WARN_OBJC_LITERAL_CONVERSION = YES;
				CLANG_WARN_OBJC_ROOT_CLASS = YES_ERROR;
				CLANG_WARN_QUOTED_INCLUDE_IN_FRAMEWORK_HEADER = YES;
				CLANG_WARN_RANGE_LOOP_ANALYSIS = YES;
				CLANG_WARN_STRICT_PROTOTYPES = YES;
				CLANG_WARN_SUSPICIOUS_MOVE = YES;
				CLANG_WARN_UNGUARDED_AVAILABILITY = YES_AGGRESSIVE;
				CLANG_WARN_UNREACHABLE_CODE = YES;
				CLANG_WARN__DUPLICATE_METHOD_MATCH = YES;
				COPY_PHASE_STRIP = NO;
				DEBUG_INFORMATION_FORMAT = dwarf;
				ENABLE_STRICT_OBJC_MSGSEND = YES;
				ENABLE_TESTABILITY = YES;
				ENABLE_USER_SCRIPT_SANDBOXING = YES;
				GCC_C_LANGUAGE_STANDARD = gnu17;
				GCC_DYNAMIC_NO_PIC = NO;
				GCC_NO_COMMON_BLOCKS = YES;
				GCC_OPTIMIZATION_LEVEL = 0;
				GCC_PREPROCESSOR_DEFINITIONS = (
					"DEBUG=1",
					"$(inherited)",
				);
				GCC_WARN_64_TO_32_BIT_CONVERSION = YES;
				GCC_WARN_ABOUT_RETURN_TYPE = YES_ERROR;
				GCC_WARN_UNDECLARED_SELECTOR = YES;
				GCC_WARN_UNINITIALIZED_AUTOS = YES_AGGRESSIVE;
				GCC_WARN_UNUSED_FUNCTION = YES;
				GCC_WARN_UNUSED_VARIABLE = YES;
				LOCALIZATION_PREFERS_STRING_CATALOGS = YES;
				MACOSX_DEPLOYMENT_TARGET = 14.2;
				MTL_ENABLE_DEBUG_INFO = INCLUDE_SOURCE;
				MTL_FAST_MATH = YES;
				ONLY_ACTIVE_ARCH = YES;
				SDKROOT = macosx;
			};
			name = Debug;
		};
		30254A352B98276F00D6FDA5 /* Release */ = {
			isa = XCBuildConfiguration;
			buildSettings = {
				ALWAYS_SEARCH_USER_PATHS = NO;
				ASSETCATALOG_COMPILER_GENERATE_SWIFT_ASSET_SYMBOL_EXTENSIONS = YES;
				CLANG_ANALYZER_NONNULL = YES;
				CLANG_ANALYZER_NUMBER_OBJECT_CONVERSION = YES_AGGRESSIVE;
				CLANG_CXX_LANGUAGE_STANDARD = "gnu++20";
				CLANG_ENABLE_MODULES = YES;
				CLANG_ENABLE_OBJC_ARC = YES;
				CLANG_ENABLE_OBJC_WEAK = YES;
				CLANG_WARN_BLOCK_CAPTURE_AUTORELEASING = YES;
				CLANG_WARN_BOOL_CONVERSION = YES;
				CLANG_WARN_COMMA = YES;
				CLANG_WARN_CONSTANT_CONVERSION = YES;
				CLANG_WARN_DEPRECATED_OBJC_IMPLEMENTATIONS = YES;
				CLANG_WARN_DIRECT_OBJC_ISA_USAGE = YES_ERROR;
				CLANG_WARN_DOCUMENTATION_COMMENTS = YES;
				CLANG_WARN_EMPTY_BODY = YES;
				CLANG_WARN_ENUM_CONVERSION = YES;
				CLANG_WARN_INFINITE_RECURSION = YES;
				CLANG_WARN_INT_CONVERSION = YES;
				CLANG_WARN_NON_LITERAL_NULL_CONVERSION = YES;
				CLANG_WARN_OBJC_IMPLICIT_RETAIN_SELF = YES;
				CLANG_WARN_OBJC_LITERAL_CONVERSION = YES;
				CLANG_WARN_OBJC_ROOT_CLASS = YES_ERROR;
				CLANG_WARN_QUOTED_INCLUDE_IN_FRAMEWORK_HEADER = YES;
				CLANG_WARN_RANGE_LOOP_ANALYSIS = YES;
				CLANG_WARN_STRICT_PROTOTYPES = YES;
				CLANG_WARN_SUSPICIOUS_MOVE = YES;
				CLANG_WARN_UNGUARDED_AVAILABILITY = YES_AGGRESSIVE;
				CLANG_WARN_UNREACHABLE_CODE = YES;
				CLANG_WARN__DUPLICATE_METHOD_MATCH = YES;
				COPY_PHASE_STRIP = NO;
				DEBUG_INFORMATION_FORMAT = "dwarf-with-dsym";
				ENABLE_NS_ASSERTIONS = NO;
				ENABLE_STRICT_OBJC_MSGSEND = YES;
				ENABLE_USER_SCRIPT_SANDBOXING = YES;
				GCC_C_LANGUAGE_STANDARD = gnu17;
				GCC_NO_COMMON_BLOCKS = YES;
				GCC_WARN_64_TO_32_BIT_CONVERSION = YES;
				GCC_WARN_ABOUT_RETURN_TYPE = YES_ERROR;
				GCC_WARN_UNDECLARED_SELECTOR = YES;
				GCC_WARN_UNINITIALIZED_AUTOS = YES_AGGRESSIVE;
				GCC_WARN_UNUSED_FUNCTION = YES;
				GCC_WARN_UNUSED_VARIABLE = YES;
				LOCALIZATION_PREFERS_STRING_CATALOGS = YES;
				MACOSX_DEPLOYMENT_TARGET = 14.2;
				MTL_ENABLE_DEBUG_INFO = NO;
				MTL_FAST_MATH = YES;
				SDKROOT = macosx;
			};
			name = Release;
		};
		30254A372B98276F00D6FDA5 /* Debug */ = {
			isa = XCBuildConfiguration;
			buildSettings = {
				CODE_SIGN_STYLE = Automatic;
				PRODUCT_NAME = "$(TARGET_NAME)";
			};
			name = Debug;
		};
		30254A382B98276F00D6FDA5 /* Release */ = {
			isa = XCBuildConfiguration;
			buildSettings = {
				CODE_SIGN_STYLE = Automatic;
				PRODUCT_NAME = "$(TARGET_NAME)";
			};
			name = Release;
		};
		3068514B2B9AF34100A4BF67 /* Debug */ = {
			isa = XCBuildConfiguration;
			buildSettings = {
				CODE_SIGN_STYLE = Automatic;
				PRODUCT_NAME = "$(TARGET_NAME)";
			};
			name = Debug;
		};
		3068514C2B9AF34100A4BF67 /* Release */ = {
			isa = XCBuildConfiguration;
			buildSettings = {
				CODE_SIGN_STYLE = Automatic;
				PRODUCT_NAME = "$(TARGET_NAME)";
			};
			name = Release;
		};
		3083117D2BA1BDAB00ADE3E8 /* Debug */ = {
			isa = XCBuildConfiguration;
			buildSettings = {
				CODE_SIGN_STYLE = Automatic;
				PRODUCT_NAME = "$(TARGET_NAME)";
			};
			name = Debug;
		};
		3083117E2BA1BDAB00ADE3E8 /* Release */ = {
			isa = XCBuildConfiguration;
			buildSettings = {
				CODE_SIGN_STYLE = Automatic;
				PRODUCT_NAME = "$(TARGET_NAME)";
			};
			name = Release;
		};
		30D955F72B9B40BD00AAD2D0 /* Debug */ = {
			isa = XCBuildConfiguration;
			buildSettings = {
				CODE_SIGN_STYLE = Automatic;
				PRODUCT_NAME = "$(TARGET_NAME)";
			};
			name = Debug;
		};
		30D955F82B9B40BD00AAD2D0 /* Release */ = {
			isa = XCBuildConfiguration;
			buildSettings = {
				CODE_SIGN_STYLE = Automatic;
				PRODUCT_NAME = "$(TARGET_NAME)";
			};
			name = Release;
		};
/* End XCBuildConfiguration section */

/* Begin XCConfigurationList section */
		30254A2A2B98276F00D6FDA5 /* Build configuration list for PBXProject "BInary_tree_impl" */ = {
			isa = XCConfigurationList;
			buildConfigurations = (
				30254A342B98276F00D6FDA5 /* Debug */,
				30254A352B98276F00D6FDA5 /* Release */,
			);
			defaultConfigurationIsVisible = 0;
			defaultConfigurationName = Release;
		};
		30254A362B98276F00D6FDA5 /* Build configuration list for PBXNativeTarget "BInary_tree_impl" */ = {
			isa = XCConfigurationList;
			buildConfigurations = (
				30254A372B98276F00D6FDA5 /* Debug */,
				30254A382B98276F00D6FDA5 /* Release */,
			);
			defaultConfigurationIsVisible = 0;
			defaultConfigurationName = Release;
		};
		3068514D2B9AF34100A4BF67 /* Build configuration list for PBXNativeTarget "constructBT_BFS" */ = {
			isa = XCConfigurationList;
			buildConfigurations = (
				3068514B2B9AF34100A4BF67 /* Debug */,
				3068514C2B9AF34100A4BF67 /* Release */,
			);
			defaultConfigurationIsVisible = 0;
			defaultConfigurationName = Release;
		};
		3083117F2BA1BDAB00ADE3E8 /* Build configuration list for PBXNativeTarget "TopView" */ = {
			isa = XCConfigurationList;
			buildConfigurations = (
				3083117D2BA1BDAB00ADE3E8 /* Debug */,
				3083117E2BA1BDAB00ADE3E8 /* Release */,
			);
			defaultConfigurationIsVisible = 0;
			defaultConfigurationName = Release;
		};
		30D955F92B9B40BD00AAD2D0 /* Build configuration list for PBXNativeTarget "boundary_travsl" */ = {
			isa = XCConfigurationList;
			buildConfigurations = (
				30D955F72B9B40BD00AAD2D0 /* Debug */,
				30D955F82B9B40BD00AAD2D0 /* Release */,
			);
			defaultConfigurationIsVisible = 0;
			defaultConfigurationName = Release;
		};
/* End XCConfigurationList section */
	};
	rootObject = 30254A272B98276F00D6FDA5 /* Project object */;
}
